
Microsoft Visual Studio Solution File, Format Version 12.00
# Visual Studio Version 17
VisualStudioVersion = 17.6.33829.357
MinimumVisualStudioVersion = 10.0.40219.1
Project("{FAE04EC0-301F-11D3-BF4B-00C04F79EFBC}") = "BlazorApp1.Server", "BlazorApp1\Server\BlazorApp1.Server.csproj", "{91DF886F-77EF-4020-ADC7-AFA0F4F1D998}"
EndProject
Project("{FAE04EC0-301F-11D3-BF4B-00C04F79EFBC}") = "BlazorApp1.Client", "BlazorApp1\Client\BlazorApp1.Client.csproj", "{0FA12766-7F11-40C7-BB78-A46295C3FB67}"
EndProject
Project("{FAE04EC0-301F-11D3-BF4B-00C04F79EFBC}") = "BlazorApp1.Shared", "BlazorApp1\Shared\BlazorApp1.Shared.csproj", "{4EE56B5A-8C11-4C9A-B4B0-1E004D568150}"
EndProject
Global
	GlobalSection(SolutionConfigurationPlatforms) = preSolution
		Debug|Any CPU = Debug|Any CPU
		Release|Any CPU = Release|Any CPU
	EndGlobalSection
	GlobalSection(ProjectConfigurationPlatforms) = postSolution
		{91DF886F-77EF-4020-ADC7-AFA0F4F1D998}.Debug|Any CPU.ActiveCfg = Debug|Any CPU
		{91DF886F-77EF-4020-ADC7-AFA0F4F1D998}.Debug|Any CPU.Build.0 = Debug|Any CPU
		{91DF886F-77EF-4020-ADC7-AFA0F4F1D998}.Release|Any CPU.ActiveCfg = Release|Any CPU
		{91DF886F-77EF-4020-ADC7-AFA0F4F1D998}.Release|Any CPU.Build.0 = Release|Any CPU
		{0FA12766-7F11-40C7-BB78-A46295C3FB67}.Debug|Any CPU.ActiveCfg = Debug|Any CPU
		{0FA12766-7F11-40C7-BB78-A46295C3FB67}.Debug|Any CPU.Build.0 = Debug|Any CPU
		{0FA12766-7F11-40C7-BB78-A46295C3FB67}.Release|Any CPU.ActiveCfg = Release|Any CPU
		{0FA12766-7F11-40C7-BB78-A46295C3FB67}.Release|Any CPU.Build.0 = Release|Any CPU
		{4EE56B5A-8C11-4C9A-B4B0-1E004D568150}.Debug|Any CPU.ActiveCfg = Debug|Any CPU
		{4EE56B5A-8C11-4C9A-B4B0-1E004D568150}.Debug|Any CPU.Build.0 = Debug|Any CPU
		{4EE56B5A-8C11-4C9A-B4B0-1E004D568150}.Release|Any CPU.ActiveCfg = Release|Any CPU
		{4EE56B5A-8C11-4C9A-B4B0-1E004D568150}.Release|Any CPU.Build.0 = Release|Any CPU
	EndGlobalSection
	GlobalSection(SolutionProperties) = preSolution
		HideSolutionNode = FALSE
	EndGlobalSection
	GlobalSection(ExtensibilityGlobals) = postSolution
		SolutionGuid = {FF05A5C2-EDB8-4258-BFD5-F4B066363AA3}
	EndGlobalSection
EndGlobal
